// !$*UTF8*$!
{
	archiveVersion = 1;
	classes = {
	};
	objectVersion = 46;
	objects = {

/* Begin PBXBuildFile section */
		3658112D1F2E1A3D001BAA04 /* libc++.tbd in Frameworks */ = {isa = PBXBuildFile; fileRef = 3658112C1F2E1A3D001BAA04 /* libc++.tbd */; };
		365811351F2F5FC5001BAA04 /* HeartRateCurveViewController.m in Sources */ = {isa = PBXBuildFile; fileRef = 365811331F2F5FC5001BAA04 /* HeartRateCurveViewController.m */; };
		365811361F2F5FC5001BAA04 /* HeartRateCurveViewController.xib in Resources */ = {isa = PBXBuildFile; fileRef = 365811341F2F5FC5001BAA04 /* HeartRateCurveViewController.xib */; };
		3658113B1F2F5FE6001BAA04 /* BODataModel.m in Sources */ = {isa = PBXBuildFile; fileRef = 365811381F2F5FE6001BAA04 /* BODataModel.m */; };
		3658113C1F2F5FE6001BAA04 /* PointContainer.m in Sources */ = {isa = PBXBuildFile; fileRef = 3658113A1F2F5FE6001BAA04 /* PointContainer.m */; };
		365811421F2F600D001BAA04 /* HeartLiveView.m in Sources */ = {isa = PBXBuildFile; fileRef = 3658113E1F2F600D001BAA04 /* HeartLiveView.m */; };
		365811431F2F600D001BAA04 /* SurFaceView.m in Sources */ = {isa = PBXBuildFile; fileRef = 365811401F2F600D001BAA04 /* SurFaceView.m */; };
		365811441F2F600D001BAA04 /* SurFaceView.xib in Resources */ = {isa = PBXBuildFile; fileRef = 365811411F2F600D001BAA04 /* SurFaceView.xib */; };
		365811471F2F61B6001BAA04 /* BaseViewController.m in Sources */ = {isa = PBXBuildFile; fileRef = 365811461F2F61B6001BAA04 /* BaseViewController.m */; };
		365811491F2F66E3001BAA04 /* libstdc++.6.0.9.tbd in Frameworks */ = {isa = PBXBuildFile; fileRef = 365811481F2F66E3001BAA04 /* libstdc++.6.0.9.tbd */; };
		3658114B1F2F66E9001BAA04 /* libz.tbd in Frameworks */ = {isa = PBXBuildFile; fileRef = 3658114A1F2F66E9001BAA04 /* libz.tbd */; };
		3658114C1F2F66F9001BAA04 /* libstdc++.tbd in Frameworks */ = {isa = PBXBuildFile; fileRef = A67C04391BFDA75B00D7BB71 /* libstdc++.tbd */; };
		366107E31C8D131C0082984A /* libACE.a in Frameworks */ = {isa = PBXBuildFile; fileRef = 366107E21C8D131C0082984A /* libACE.a */; };
		366714B11C571E63000CCF9C /* AlarmSettingView.m in Sources */ = {isa = PBXBuildFile; fileRef = 366714B01C571E63000CCF9C /* AlarmSettingView.m */; };
		36BB35221B887FA200B2167A /* SystemSettingModel.m in Sources */ = {isa = PBXBuildFile; fileRef = 36BB35211B887FA200B2167A /* SystemSettingModel.m */; };
		36BB352B1B89779200B2167A /* LoginUserInfo.m in Sources */ = {isa = PBXBuildFile; fileRef = 36BB352A1B89779200B2167A /* LoginUserInfo.m */; };
		36BB352E1B89B65300B2167A /* PatientInfo.m in Sources */ = {isa = PBXBuildFile; fileRef = 36BB352D1B89B65300B2167A /* PatientInfo.m */; };
		36BB35311B89FCF900B2167A /* MulDataModel.m in Sources */ = {isa = PBXBuildFile; fileRef = 36BB35301B89FCF900B2167A /* MulDataModel.m */; };
		36BB35341B89FD2F00B2167A /* XueyaModel.m in Sources */ = {isa = PBXBuildFile; fileRef = 36BB35331B89FD2F00B2167A /* XueyaModel.m */; };
		36BB35371B8A12FB00B2167A /* PatientStatus.m in Sources */ = {isa = PBXBuildFile; fileRef = 36BB35361B8A12FB00B2167A /* PatientStatus.m */; };
		36BB353C1B8DE9A300B2167A /* HospitalInfo.m in Sources */ = {isa = PBXBuildFile; fileRef = 36BB353B1B8DE9A300B2167A /* HospitalInfo.m */; };
		36BB353F1B8F49A900B2167A /* PersonSettingInfo.m in Sources */ = {isa = PBXBuildFile; fileRef = 36BB353E1B8F49A900B2167A /* PersonSettingInfo.m */; };
		36BB354E1B951D4100B2167A /* AFNetworking in Resources */ = {isa = PBXBuildFile; fileRef = 36BB354D1B951D4100B2167A /* AFNetworking */; };
		36BB35501B951EF200B2167A /* CFNetwork.framework in Frameworks */ = {isa = PBXBuildFile; fileRef = 36BB354F1B951EF200B2167A /* CFNetwork.framework */; };
		36BB35541BA5725E00B2167A /* SVProgressHUD in Resources */ = {isa = PBXBuildFile; fileRef = 36BB35531BA5725D00B2167A /* SVProgressHUD */; };
		36BB35561BA5745A00B2167A /* SVProgressHUD.bundle in Frameworks */ = {isa = PBXBuildFile; fileRef = 36BB35551BA5745A00B2167A /* SVProgressHUD.bundle */; };
		36BB35581BA62FF300B2167A /* SVProgressHUD.m in Sources */ = {isa = PBXBuildFile; fileRef = 36BB35571BA62FF300B2167A /* SVProgressHUD.m */; };
		36BB355A1BA6313700B2167A /* AFHTTPRequestOperationManager.m in Sources */ = {isa = PBXBuildFile; fileRef = 36BB35591BA6313700B2167A /* AFHTTPRequestOperationManager.m */; };
		36BB355C1BA6315F00B2167A /* AFHTTPRequestOperation.m in Sources */ = {isa = PBXBuildFile; fileRef = 36BB355B1BA6315F00B2167A /* AFHTTPRequestOperation.m */; };
		36BB355E1BA6316E00B2167A /* AFHTTPSessionManager.m in Sources */ = {isa = PBXBuildFile; fileRef = 36BB355D1BA6316E00B2167A /* AFHTTPSessionManager.m */; };
		36BB35601BA6318300B2167A /* AFNetworkReachabilityManager.m in Sources */ = {isa = PBXBuildFile; fileRef = 36BB355F1BA6318300B2167A /* AFNetworkReachabilityManager.m */; };
		36BB35621BA6319000B2167A /* AFSecurityPolicy.m in Sources */ = {isa = PBXBuildFile; fileRef = 36BB35611BA6319000B2167A /* AFSecurityPolicy.m */; };
		36BB35641BA6319C00B2167A /* AFURLConnectionOperation.m in Sources */ = {isa = PBXBuildFile; fileRef = 36BB35631BA6319C00B2167A /* AFURLConnectionOperation.m */; };
		36BB35661BA631A700B2167A /* AFURLRequestSerialization.m in Sources */ = {isa = PBXBuildFile; fileRef = 36BB35651BA631A700B2167A /* AFURLRequestSerialization.m */; };
		36BB35681BA631B100B2167A /* AFURLResponseSerialization.m in Sources */ = {isa = PBXBuildFile; fileRef = 36BB35671BA631B100B2167A /* AFURLResponseSerialization.m */; };
		36BB356A1BA631C100B2167A /* AFURLSessionManager.m in Sources */ = {isa = PBXBuildFile; fileRef = 36BB35691BA631C100B2167A /* AFURLSessionManager.m */; };
		36F6A8291B62FC5F0024E783 /* main.m in Sources */ = {isa = PBXBuildFile; fileRef = 36F6A8281B62FC5F0024E783 /* main.m */; };
		36F6A82C1B62FC5F0024E783 /* AppDelegate.m in Sources */ = {isa = PBXBuildFile; fileRef = 36F6A82B1B62FC5F0024E783 /* AppDelegate.m */; };
		36F6A82F1B62FC5F0024E783 /* XBYL.xcdatamodeld in Sources */ = {isa = PBXBuildFile; fileRef = 36F6A82D1B62FC5F0024E783 /* XBYL.xcdatamodeld */; };
		36F6A8321B62FC5F0024E783 /* ViewController.m in Sources */ = {isa = PBXBuildFile; fileRef = 36F6A8311B62FC5F0024E783 /* ViewController.m */; };
		36F6A8351B62FC5F0024E783 /* Main.storyboard in Resources */ = {isa = PBXBuildFile; fileRef = 36F6A8331B62FC5F0024E783 /* Main.storyboard */; };
		36F6A8371B62FC5F0024E783 /* Images.xcassets in Resources */ = {isa = PBXBuildFile; fileRef = 36F6A8361B62FC5F0024E783 /* Images.xcassets */; };
		36F6A83A1B62FC5F0024E783 /* LaunchScreen.xib in Resources */ = {isa = PBXBuildFile; fileRef = 36F6A8381B62FC5F0024E783 /* LaunchScreen.xib */; };
		36F6A8461B62FC5F0024E783 /* XBYLTests.m in Sources */ = {isa = PBXBuildFile; fileRef = 36F6A8451B62FC5F0024E783 /* XBYLTests.m */; };
		36F6A8511B62FD5E0024E783 /* LoginViewController.m in Sources */ = {isa = PBXBuildFile; fileRef = 36F6A8501B62FD5E0024E783 /* LoginViewController.m */; };
		36F6A8541B62FE160024E783 /* SettingViewController.m in Sources */ = {isa = PBXBuildFile; fileRef = 36F6A8531B62FE160024E783 /* SettingViewController.m */; };
		36F6A85A1B62FE840024E783 /* MainTableViewCell.m in Sources */ = {isa = PBXBuildFile; fileRef = 36F6A8581B62FE840024E783 /* MainTableViewCell.m */; };
		36F6A85B1B62FE840024E783 /* MainTableViewCell.xib in Resources */ = {isa = PBXBuildFile; fileRef = 36F6A8591B62FE840024E783 /* MainTableViewCell.xib */; };
		36F6A85E1B6368710024E783 /* SystemSettingViewController.m in Sources */ = {isa = PBXBuildFile; fileRef = 36F6A85D1B6368710024E783 /* SystemSettingViewController.m */; };
		36F6A8641B6A54F40024E783 /* PersonSettingViewController.m in Sources */ = {isa = PBXBuildFile; fileRef = 36F6A8631B6A54F40024E783 /* PersonSettingViewController.m */; };
		36F6A86B1B6EE5540024E783 /* SettingViewTableViewCell.m in Sources */ = {isa = PBXBuildFile; fileRef = 36F6A8691B6EE5540024E783 /* SettingViewTableViewCell.m */; };
		36F6A86C1B6EE5540024E783 /* SettingViewTableViewCell.xib in Resources */ = {isa = PBXBuildFile; fileRef = 36F6A86A1B6EE5540024E783 /* SettingViewTableViewCell.xib */; };
		36F6A8711B75D9840024E783 /* RefashView.m in Sources */ = {isa = PBXBuildFile; fileRef = 36F6A8701B75D9840024E783 /* RefashView.m */; };
		36F6A8731B75D99C0024E783 /* RefashView.xib in Resources */ = {isa = PBXBuildFile; fileRef = 36F6A8721B75D99C0024E783 /* RefashView.xib */; };
		36F6A8761B75F3320024E783 /* HeadView.m in Sources */ = {isa = PBXBuildFile; fileRef = 36F6A8751B75F3320024E783 /* HeadView.m */; };
		36FBCEF91C5A08AB00F8561A /* PatientInfoModel.m in Sources */ = {isa = PBXBuildFile; fileRef = 36FBCEF81C5A08AB00F8561A /* PatientInfoModel.m */; };
		36FBCEFC1C5A08AB00F8561A /* PersonSettingModel.m in Sources */ = {isa = PBXBuildFile; fileRef = 36FBCEFB1C5A08AB00F8561A /* PersonSettingModel.m */; };
		36FBCEFF1C5A08AB00F8561A /* HospitalModel.m in Sources */ = {isa = PBXBuildFile; fileRef = 36FBCEFE1C5A08AB00F8561A /* HospitalModel.m */; };
		36FBCF021C5A08AC00F8561A /* UserInfoModel.m in Sources */ = {isa = PBXBuildFile; fileRef = 36FBCF011C5A08AC00F8561A /* UserInfoModel.m */; };
		A6568B8E1C059B3000D78DD1 /* AlarmPickView.m in Sources */ = {isa = PBXBuildFile; fileRef = A6568B8D1C059B3000D78DD1 /* AlarmPickView.m */; };
		A6568B901C059B4000D78DD1 /* AlarmPickView.xib in Resources */ = {isa = PBXBuildFile; fileRef = A6568B8F1C059B4000D78DD1 /* AlarmPickView.xib */; };
		A6568B9F1C059D4500D78DD1 /* LewPopupBackgroundView.m in Sources */ = {isa = PBXBuildFile; fileRef = A6568B941C059D4500D78DD1 /* LewPopupBackgroundView.m */; };
		A6568BA01C059D4500D78DD1 /* LewPopupViewAnimationDrop.m in Sources */ = {isa = PBXBuildFile; fileRef = A6568B961C059D4500D78DD1 /* LewPopupViewAnimationDrop.m */; };
		A6568BA11C059D4500D78DD1 /* LewPopupViewAnimationFade.m in Sources */ = {isa = PBXBuildFile; fileRef = A6568B981C059D4500D78DD1 /* LewPopupViewAnimationFade.m */; };
		A6568BA21C059D4500D78DD1 /* LewPopupViewAnimationSlide.m in Sources */ = {isa = PBXBuildFile; fileRef = A6568B9A1C059D4500D78DD1 /* LewPopupViewAnimationSlide.m */; };
		A6568BA31C059D4500D78DD1 /* LewPopupViewAnimationSpring.m in Sources */ = {isa = PBXBuildFile; fileRef = A6568B9C1C059D4500D78DD1 /* LewPopupViewAnimationSpring.m */; };
		A6568BA41C059D4500D78DD1 /* UIViewController+LewPopupViewController.m in Sources */ = {isa = PBXBuildFile; fileRef = A6568B9E1C059D4500D78DD1 /* UIViewController+LewPopupViewController.m */; };
		A659A79B1C4F265300E0F9BE /* libnstdcomm.a in Frameworks */ = {isa = PBXBuildFile; fileRef = A659A7991C4F265300E0F9BE /* libnstdcomm.a */; };
		A659A79C1C4F265300E0F9BE /* nstdcommTests.xctest in Resources */ = {isa = PBXBuildFile; fileRef = A659A79A1C4F265300E0F9BE /* nstdcommTests.xctest */; };
/* End PBXBuildFile section */

/* Begin PBXContainerItemProxy section */
		36F6A8401B62FC5F0024E783 /* PBXContainerItemProxy */ = {
			isa = PBXContainerItemProxy;
			containerPortal = 36F6A81B1B62FC5F0024E783 /* Project object */;
			proxyType = 1;
			remoteGlobalIDString = 36F6A8221B62FC5F0024E783;
			remoteInfo = XBYL;
		};
/* End PBXContainerItemProxy section */

/* Begin PBXCopyFilesBuildPhase section */
		A67C04451BFDD14F00D7BB71 /* Embed Frameworks */ = {
			isa = PBXCopyFilesBuildPhase;
			buildActionMask = 2147483647;
			dstPath = "";
			dstSubfolderSpec = 10;
			files = (
			);
			name = "Embed Frameworks";
			runOnlyForDeploymentPostprocessing = 0;
		};
/* End PBXCopyFilesBuildPhase section */

/* Begin PBXFileReference section */
		360B02521C8FCAB900A29490 /* Helper.h */ = {isa = PBXFileReference; lastKnownFileType = sourcecode.c.h; path = Helper.h; sourceTree = "<group>"; };
		3658112C1F2E1A3D001BAA04 /* libc++.tbd */ = {isa = PBXFileReference; lastKnownFileType = "sourcecode.text-based-dylib-definition"; name = "libc++.tbd"; path = "usr/lib/libc++.tbd"; sourceTree = SDKROOT; };
		365811321F2F5FC5001BAA04 /* HeartRateCurveViewController.h */ = {isa = PBXFileReference; fileEncoding = 4; lastKnownFileType = sourcecode.c.h; path = HeartRateCurveViewController.h; sourceTree = "<group>"; };
		365811331F2F5FC5001BAA04 /* HeartRateCurveViewController.m */ = {isa = PBXFileReference; fileEncoding = 4; lastKnownFileType = sourcecode.c.objc; path = HeartRateCurveViewController.m; sourceTree = "<group>"; };
		365811341F2F5FC5001BAA04 /* HeartRateCurveViewController.xib */ = {isa = PBXFileReference; fileEncoding = 4; lastKnownFileType = file.xib; path = HeartRateCurveViewController.xib; sourceTree = "<group>"; };
		365811371F2F5FE6001BAA04 /* BODataModel.h */ = {isa = PBXFileReference; fileEncoding = 4; lastKnownFileType = sourcecode.c.h; path = BODataModel.h; sourceTree = "<group>"; };
		365811381F2F5FE6001BAA04 /* BODataModel.m */ = {isa = PBXFileReference; fileEncoding = 4; lastKnownFileType = sourcecode.c.objc; path = BODataModel.m; sourceTree = "<group>"; };
		365811391F2F5FE6001BAA04 /* PointContainer.h */ = {isa = PBXFileReference; fileEncoding = 4; lastKnownFileType = sourcecode.c.h; path = PointContainer.h; sourceTree = "<group>"; };
		3658113A1F2F5FE6001BAA04 /* PointContainer.m */ = {isa = PBXFileReference; fileEncoding = 4; lastKnownFileType = sourcecode.c.objc; path = PointContainer.m; sourceTree = "<group>"; };
		3658113D1F2F600D001BAA04 /* HeartLiveView.h */ = {isa = PBXFileReference; fileEncoding = 4; lastKnownFileType = sourcecode.c.h; path = HeartLiveView.h; sourceTree = "<group>"; };
		3658113E1F2F600D001BAA04 /* HeartLiveView.m */ = {isa = PBXFileReference; fileEncoding = 4; lastKnownFileType = sourcecode.c.objc; path = HeartLiveView.m; sourceTree = "<group>"; };
		3658113F1F2F600D001BAA04 /* SurFaceView.h */ = {isa = PBXFileReference; fileEncoding = 4; lastKnownFileType = sourcecode.c.h; path = SurFaceView.h; sourceTree = "<group>"; };
		365811401F2F600D001BAA04 /* SurFaceView.m */ = {isa = PBXFileReference; fileEncoding = 4; lastKnownFileType = sourcecode.c.objc; path = SurFaceView.m; sourceTree = "<group>"; };
		365811411F2F600D001BAA04 /* SurFaceView.xib */ = {isa = PBXFileReference; fileEncoding = 4; lastKnownFileType = file.xib; path = SurFaceView.xib; sourceTree = "<group>"; };
		365811451F2F61B6001BAA04 /* BaseViewController.h */ = {isa = PBXFileReference; fileEncoding = 4; lastKnownFileType = sourcecode.c.h; path = BaseViewController.h; sourceTree = "<group>"; };
		365811461F2F61B6001BAA04 /* BaseViewController.m */ = {isa = PBXFileReference; fileEncoding = 4; lastKnownFileType = sourcecode.c.objc; path = BaseViewController.m; sourceTree = "<group>"; };
		365811481F2F66E3001BAA04 /* libstdc++.6.0.9.tbd */ = {isa = PBXFileReference; lastKnownFileType = "sourcecode.text-based-dylib-definition"; name = "libstdc++.6.0.9.tbd"; path = "usr/lib/libstdc++.6.0.9.tbd"; sourceTree = SDKROOT; };
		3658114A1F2F66E9001BAA04 /* libz.tbd */ = {isa = PBXFileReference; lastKnownFileType = "sourcecode.text-based-dylib-definition"; name = libz.tbd; path = usr/lib/libz.tbd; sourceTree = SDKROOT; };
		366107E21C8D131C0082984A /* libACE.a */ = {isa = PBXFileReference; lastKnownFileType = archive.ar; path = libACE.a; sourceTree = "<group>"; };
		366714AF1C571E63000CCF9C /* AlarmSettingView.h */ = {isa = PBXFileReference; fileEncoding = 4; lastKnownFileType = sourcecode.c.h; path = AlarmSettingView.h; sourceTree = "<group>"; };
		366714B01C571E63000CCF9C /* AlarmSettingView.m */ = {isa = PBXFileReference; fileEncoding = 4; lastKnownFileType = sourcecode.c.objc; path = AlarmSettingView.m; sourceTree = "<group>"; };
		36BB35131B88789E00B2167A /* xybl_Header.pch */ = {isa = PBXFileReference; lastKnownFileType = sourcecode.c.h; path = xybl_Header.pch; sourceTree = "<group>"; };
		36BB35201B887FA200B2167A /* SystemSettingModel.h */ = {isa = PBXFileReference; fileEncoding = 4; lastKnownFileType = sourcecode.c.h; name = SystemSettingModel.h; path = Model/SystemSettingModel.h; sourceTree = "<group>"; };
		36BB35211B887FA200B2167A /* SystemSettingModel.m */ = {isa = PBXFileReference; fileEncoding = 4; lastKnownFileType = sourcecode.c.objc; name = SystemSettingModel.m; path = Model/SystemSettingModel.m; sourceTree = "<group>"; };
		36BB35291B89779200B2167A /* LoginUserInfo.h */ = {isa = PBXFileReference; fileEncoding = 4; lastKnownFileType = sourcecode.c.h; name = LoginUserInfo.h; path = Model/LoginUserInfo.h; sourceTree = "<group>"; };
		36BB352A1B89779200B2167A /* LoginUserInfo.m */ = {isa = PBXFileReference; fileEncoding = 4; lastKnownFileType = sourcecode.c.objc; name = LoginUserInfo.m; path = Model/LoginUserInfo.m; sourceTree = "<group>"; };
		36BB352C1B89B65300B2167A /* PatientInfo.h */ = {isa = PBXFileReference; fileEncoding = 4; lastKnownFileType = sourcecode.c.h; name = PatientInfo.h; path = Model/PatientInfo.h; sourceTree = "<group>"; };
		36BB352D1B89B65300B2167A /* PatientInfo.m */ = {isa = PBXFileReference; fileEncoding = 4; lastKnownFileType = sourcecode.c.objc; name = PatientInfo.m; path = Model/PatientInfo.m; sourceTree = "<group>"; };
		36BB352F1B89FCF900B2167A /* MulDataModel.h */ = {isa = PBXFileReference; fileEncoding = 4; lastKnownFileType = sourcecode.c.h; name = MulDataModel.h; path = Model/MulDataModel.h; sourceTree = "<group>"; };
		36BB35301B89FCF900B2167A /* MulDataModel.m */ = {isa = PBXFileReference; fileEncoding = 4; lastKnownFileType = sourcecode.c.objc; name = MulDataModel.m; path = Model/MulDataModel.m; sourceTree = "<group>"; };
		36BB35321B89FD2F00B2167A /* XueyaModel.h */ = {isa = PBXFileReference; fileEncoding = 4; lastKnownFileType = sourcecode.c.h; name = XueyaModel.h; path = Model/XueyaModel.h; sourceTree = "<group>"; };
		36BB35331B89FD2F00B2167A /* XueyaModel.m */ = {isa = PBXFileReference; fileEncoding = 4; lastKnownFileType = sourcecode.c.objc; name = XueyaModel.m; path = Model/XueyaModel.m; sourceTree = "<group>"; };
		36BB35351B8A12FB00B2167A /* PatientStatus.h */ = {isa = PBXFileReference; fileEncoding = 4; lastKnownFileType = sourcecode.c.h; name = PatientStatus.h; path = Model/PatientStatus.h; sourceTree = "<group>"; };
		36BB35361B8A12FB00B2167A /* PatientStatus.m */ = {isa = PBXFileReference; fileEncoding = 4; lastKnownFileType = sourcecode.c.objc; name = PatientStatus.m; path = Model/PatientStatus.m; sourceTree = "<group>"; };
		36BB353A1B8DE9A300B2167A /* HospitalInfo.h */ = {isa = PBXFileReference; fileEncoding = 4; lastKnownFileType = sourcecode.c.h; name = HospitalInfo.h; path = Model/HospitalInfo.h; sourceTree = "<group>"; };
		36BB353B1B8DE9A300B2167A /* HospitalInfo.m */ = {isa = PBXFileReference; fileEncoding = 4; lastKnownFileType = sourcecode.c.objc; name = HospitalInfo.m; path = Model/HospitalInfo.m; sourceTree = "<group>"; };
		36BB353D1B8F49A900B2167A /* PersonSettingInfo.h */ = {isa = PBXFileReference; fileEncoding = 4; lastKnownFileType = sourcecode.c.h; name = PersonSettingInfo.h; path = Model/PersonSettingInfo.h; sourceTree = "<group>"; };
		36BB353E1B8F49A900B2167A /* PersonSettingInfo.m */ = {isa = PBXFileReference; fileEncoding = 4; lastKnownFileType = sourcecode.c.objc; name = PersonSettingInfo.m; path = Model/PersonSettingInfo.m; sourceTree = "<group>"; };
		36BB354D1B951D4100B2167A /* AFNetworking */ = {isa = PBXFileReference; lastKnownFileType = folder; path = AFNetworking; sourceTree = "<group>"; };
		36BB354F1B951EF200B2167A /* CFNetwork.framework */ = {isa = PBXFileReference; lastKnownFileType = wrapper.framework; name = CFNetwork.framework; path = System/Library/Frameworks/CFNetwork.framework; sourceTree = SDKROOT; };
		36BB35531BA5725D00B2167A /* SVProgressHUD */ = {isa = PBXFileReference; lastKnownFileType = folder; path = SVProgressHUD; sourceTree = "<group>"; };
		36BB35551BA5745A00B2167A /* SVProgressHUD.bundle */ = {isa = PBXFileReference; lastKnownFileType = "wrapper.plug-in"; name = SVProgressHUD.bundle; path = SVProgressHUD/SVProgressHUD.bundle; sourceTree = "<group>"; };
		36BB35571BA62FF300B2167A /* SVProgressHUD.m */ = {isa = PBXFileReference; lastKnownFileType = sourcecode.c.objc; name = SVProgressHUD.m; path = SVProgressHUD/SVProgressHUD.m; sourceTree = "<group>"; };
		36BB35591BA6313700B2167A /* AFHTTPRequestOperationManager.m */ = {isa = PBXFileReference; lastKnownFileType = sourcecode.c.objc; name = AFHTTPRequestOperationManager.m; path = AFNetworking/AFHTTPRequestOperationManager.m; sourceTree = "<group>"; };
		36BB355B1BA6315F00B2167A /* AFHTTPRequestOperation.m */ = {isa = PBXFileReference; lastKnownFileType = sourcecode.c.objc; name = AFHTTPRequestOperation.m; path = AFNetworking/AFHTTPRequestOperation.m; sourceTree = "<group>"; };
		36BB355D1BA6316E00B2167A /* AFHTTPSessionManager.m */ = {isa = PBXFileReference; lastKnownFileType = sourcecode.c.objc; name = AFHTTPSessionManager.m; path = AFNetworking/AFHTTPSessionManager.m; sourceTree = "<group>"; };
		36BB355F1BA6318300B2167A /* AFNetworkReachabilityManager.m */ = {isa = PBXFileReference; lastKnownFileType = sourcecode.c.objc; name = AFNetworkReachabilityManager.m; path = AFNetworking/AFNetworkReachabilityManager.m; sourceTree = "<group>"; };
		36BB35611BA6319000B2167A /* AFSecurityPolicy.m */ = {isa = PBXFileReference; lastKnownFileType = sourcecode.c.objc; name = AFSecurityPolicy.m; path = AFNetworking/AFSecurityPolicy.m; sourceTree = "<group>"; };
		36BB35631BA6319C00B2167A /* AFURLConnectionOperation.m */ = {isa = PBXFileReference; lastKnownFileType = sourcecode.c.objc; name = AFURLConnectionOperation.m; path = AFNetworking/AFURLConnectionOperation.m; sourceTree = "<group>"; };
		36BB35651BA631A700B2167A /* AFURLRequestSerialization.m */ = {isa = PBXFileReference; lastKnownFileType = sourcecode.c.objc; name = AFURLRequestSerialization.m; path = AFNetworking/AFURLRequestSerialization.m; sourceTree = "<group>"; };
		36BB35671BA631B100B2167A /* AFURLResponseSerialization.m */ = {isa = PBXFileReference; lastKnownFileType = sourcecode.c.objc; name = AFURLResponseSerialization.m; path = AFNetworking/AFURLResponseSerialization.m; sourceTree = "<group>"; };
		36BB35691BA631C100B2167A /* AFURLSessionManager.m */ = {isa = PBXFileReference; lastKnownFileType = sourcecode.c.objc; name = AFURLSessionManager.m; path = AFNetworking/AFURLSessionManager.m; sourceTree = "<group>"; };
		36F6A8231B62FC5F0024E783 /* XBYL.app */ = {isa = PBXFileReference; explicitFileType = wrapper.application; includeInIndex = 0; path = XBYL.app; sourceTree = BUILT_PRODUCTS_DIR; };
		36F6A8271B62FC5F0024E783 /* Info.plist */ = {isa = PBXFileReference; lastKnownFileType = text.plist.xml; path = Info.plist; sourceTree = "<group>"; };
		36F6A8281B62FC5F0024E783 /* main.m */ = {isa = PBXFileReference; lastKnownFileType = sourcecode.c.objc; path = main.m; sourceTree = "<group>"; };
		36F6A82A1B62FC5F0024E783 /* AppDelegate.h */ = {isa = PBXFileReference; lastKnownFileType = sourcecode.c.h; path = AppDelegate.h; sourceTree = "<group>"; };
		36F6A82B1B62FC5F0024E783 /* AppDelegate.m */ = {isa = PBXFileReference; lastKnownFileType = sourcecode.c.objc; path = AppDelegate.m; sourceTree = "<group>"; };
		36F6A82E1B62FC5F0024E783 /* XBYL.xcdatamodel */ = {isa = PBXFileReference; lastKnownFileType = wrapper.xcdatamodel; path = XBYL.xcdatamodel; sourceTree = "<group>"; };
		36F6A8301B62FC5F0024E783 /* ViewController.h */ = {isa = PBXFileReference; lastKnownFileType = sourcecode.c.h; path = ViewController.h; sourceTree = "<group>"; };
		36F6A8311B62FC5F0024E783 /* ViewController.m */ = {isa = PBXFileReference; lastKnownFileType = sourcecode.c.objc; path = ViewController.m; sourceTree = "<group>"; };
		36F6A8341B62FC5F0024E783 /* Base */ = {isa = PBXFileReference; lastKnownFileType = file.storyboard; name = Base; path = Base.lproj/Main.storyboard; sourceTree = "<group>"; };
		36F6A8361B62FC5F0024E783 /* Images.xcassets */ = {isa = PBXFileReference; lastKnownFileType = folder.assetcatalog; path = Images.xcassets; sourceTree = "<group>"; };
		36F6A8391B62FC5F0024E783 /* Base */ = {isa = PBXFileReference; lastKnownFileType = file.xib; name = Base; path = Base.lproj/LaunchScreen.xib; sourceTree = "<group>"; };
		36F6A83F1B62FC5F0024E783 /* XBYLTests.xctest */ = {isa = PBXFileReference; explicitFileType = wrapper.cfbundle; includeInIndex = 0; path = XBYLTests.xctest; sourceTree = BUILT_PRODUCTS_DIR; };
		36F6A8441B62FC5F0024E783 /* Info.plist */ = {isa = PBXFileReference; lastKnownFileType = text.plist.xml; path = Info.plist; sourceTree = "<group>"; };
		36F6A8451B62FC5F0024E783 /* XBYLTests.m */ = {isa = PBXFileReference; lastKnownFileType = sourcecode.c.objc; path = XBYLTests.m; sourceTree = "<group>"; };
		36F6A84F1B62FD5E0024E783 /* LoginViewController.h */ = {isa = PBXFileReference; fileEncoding = 4; lastKnownFileType = sourcecode.c.h; path = LoginViewController.h; sourceTree = "<group>"; };
		36F6A8501B62FD5E0024E783 /* LoginViewController.m */ = {isa = PBXFileReference; fileEncoding = 4; lastKnownFileType = sourcecode.c.objc; path = LoginViewController.m; sourceTree = "<group>"; };
		36F6A8521B62FE160024E783 /* SettingViewController.h */ = {isa = PBXFileReference; fileEncoding = 4; lastKnownFileType = sourcecode.c.h; path = SettingViewController.h; sourceTree = "<group>"; };
		36F6A8531B62FE160024E783 /* SettingViewController.m */ = {isa = PBXFileReference; fileEncoding = 4; lastKnownFileType = sourcecode.c.objc; path = SettingViewController.m; sourceTree = "<group>"; };
		36F6A8571B62FE840024E783 /* MainTableViewCell.h */ = {isa = PBXFileReference; fileEncoding = 4; lastKnownFileType = sourcecode.c.h; path = MainTableViewCell.h; sourceTree = "<group>"; };
		36F6A8581B62FE840024E783 /* MainTableViewCell.m */ = {isa = PBXFileReference; fileEncoding = 4; lastKnownFileType = sourcecode.c.objc; path = MainTableViewCell.m; sourceTree = "<group>"; };
		36F6A8591B62FE840024E783 /* MainTableViewCell.xib */ = {isa = PBXFileReference; fileEncoding = 4; lastKnownFileType = file.xib; path = MainTableViewCell.xib; sourceTree = "<group>"; };
		36F6A85C1B6368710024E783 /* SystemSettingViewController.h */ = {isa = PBXFileReference; fileEncoding = 4; lastKnownFileType = sourcecode.c.h; path = SystemSettingViewController.h; sourceTree = "<group>"; };
		36F6A85D1B6368710024E783 /* SystemSettingViewController.m */ = {isa = PBXFileReference; fileEncoding = 4; lastKnownFileType = sourcecode.c.objc; path = SystemSettingViewController.m; sourceTree = "<group>"; };
		36F6A8621B6A54F40024E783 /* PersonSettingViewController.h */ = {isa = PBXFileReference; fileEncoding = 4; lastKnownFileType = sourcecode.c.h; path = PersonSettingViewController.h; sourceTree = "<group>"; };
		36F6A8631B6A54F40024E783 /* PersonSettingViewController.m */ = {isa = PBXFileReference; fileEncoding = 4; lastKnownFileType = sourcecode.c.objc; path = PersonSettingViewController.m; sourceTree = "<group>"; };
		36F6A8681B6EE5540024E783 /* SettingViewTableViewCell.h */ = {isa = PBXFileReference; fileEncoding = 4; lastKnownFileType = sourcecode.c.h; path = SettingViewTableViewCell.h; sourceTree = "<group>"; };
		36F6A8691B6EE5540024E783 /* SettingViewTableViewCell.m */ = {isa = PBXFileReference; fileEncoding = 4; lastKnownFileType = sourcecode.c.objc; path = SettingViewTableViewCell.m; sourceTree = "<group>"; };
		36F6A86A1B6EE5540024E783 /* SettingViewTableViewCell.xib */ = {isa = PBXFileReference; fileEncoding = 4; lastKnownFileType = file.xib; path = SettingViewTableViewCell.xib; sourceTree = "<group>"; };
		36F6A86F1B75D9840024E783 /* RefashView.h */ = {isa = PBXFileReference; fileEncoding = 4; lastKnownFileType = sourcecode.c.h; path = RefashView.h; sourceTree = "<group>"; };
		36F6A8701B75D9840024E783 /* RefashView.m */ = {isa = PBXFileReference; fileEncoding = 4; lastKnownFileType = sourcecode.c.objc; path = RefashView.m; sourceTree = "<group>"; };
		36F6A8721B75D99C0024E783 /* RefashView.xib */ = {isa = PBXFileReference; fileEncoding = 4; lastKnownFileType = file.xib; path = RefashView.xib; sourceTree = "<group>"; };
		36F6A8741B75F3320024E783 /* HeadView.h */ = {isa = PBXFileReference; fileEncoding = 4; lastKnownFileType = sourcecode.c.h; path = HeadView.h; sourceTree = "<group>"; };
		36F6A8751B75F3320024E783 /* HeadView.m */ = {isa = PBXFileReference; fileEncoding = 4; lastKnownFileType = sourcecode.c.objc; path = HeadView.m; sourceTree = "<group>"; };
		36FBCEF71C5A08AB00F8561A /* PatientInfoModel.h */ = {isa = PBXFileReference; fileEncoding = 4; lastKnownFileType = sourcecode.c.h; name = PatientInfoModel.h; path = Model/PatientInfoModel.h; sourceTree = "<group>"; };
		36FBCEF81C5A08AB00F8561A /* PatientInfoModel.m */ = {isa = PBXFileReference; fileEncoding = 4; lastKnownFileType = sourcecode.c.objc; name = PatientInfoModel.m; path = Model/PatientInfoModel.m; sourceTree = "<group>"; };
		36FBCEFA1C5A08AB00F8561A /* PersonSettingModel.h */ = {isa = PBXFileReference; fileEncoding = 4; lastKnownFileType = sourcecode.c.h; name = PersonSettingModel.h; path = Model/PersonSettingModel.h; sourceTree = "<group>"; };
		36FBCEFB1C5A08AB00F8561A /* PersonSettingModel.m */ = {isa = PBXFileReference; fileEncoding = 4; lastKnownFileType = sourcecode.c.objc; name = PersonSettingModel.m; path = Model/PersonSettingModel.m; sourceTree = "<group>"; };
		36FBCEFD1C5A08AB00F8561A /* HospitalModel.h */ = {isa = PBXFileReference; fileEncoding = 4; lastKnownFileType = sourcecode.c.h; name = HospitalModel.h; path = Model/HospitalModel.h; sourceTree = "<group>"; };
		36FBCEFE1C5A08AB00F8561A /* HospitalModel.m */ = {isa = PBXFileReference; fileEncoding = 4; lastKnownFileType = sourcecode.c.objc; name = HospitalModel.m; path = Model/HospitalModel.m; sourceTree = "<group>"; };
		36FBCF001C5A08AC00F8561A /* UserInfoModel.h */ = {isa = PBXFileReference; fileEncoding = 4; lastKnownFileType = sourcecode.c.h; name = UserInfoModel.h; path = Model/UserInfoModel.h; sourceTree = "<group>"; };
		36FBCF011C5A08AC00F8561A /* UserInfoModel.m */ = {isa = PBXFileReference; fileEncoding = 4; lastKnownFileType = sourcecode.c.objc; name = UserInfoModel.m; path = Model/UserInfoModel.m; sourceTree = "<group>"; };
		A62F97D41C4E363F001A8C1E /* AppMessgeDelegate.h */ = {isa = PBXFileReference; lastKnownFileType = sourcecode.c.h; path = AppMessgeDelegate.h; sourceTree = "<group>"; };
		A6568B8C1C059B3000D78DD1 /* AlarmPickView.h */ = {isa = PBXFileReference; fileEncoding = 4; lastKnownFileType = sourcecode.c.h; path = AlarmPickView.h; sourceTree = "<group>"; };
		A6568B8D1C059B3000D78DD1 /* AlarmPickView.m */ = {isa = PBXFileReference; fileEncoding = 4; lastKnownFileType = sourcecode.c.objc; path = AlarmPickView.m; sourceTree = "<group>"; };
		A6568B8F1C059B4000D78DD1 /* AlarmPickView.xib */ = {isa = PBXFileReference; fileEncoding = 4; lastKnownFileType = file.xib; path = AlarmPickView.xib; sourceTree = "<group>"; };
		A6568B931C059D4500D78DD1 /* LewPopupBackgroundView.h */ = {isa = PBXFileReference; fileEncoding = 4; lastKnownFileType = sourcecode.c.h; path = LewPopupBackgroundView.h; sourceTree = "<group>"; };
		A6568B941C059D4500D78DD1 /* LewPopupBackgroundView.m */ = {isa = PBXFileReference; fileEncoding = 4; lastKnownFileType = sourcecode.c.objc; path = LewPopupBackgroundView.m; sourceTree = "<group>"; };
		A6568B951C059D4500D78DD1 /* LewPopupViewAnimationDrop.h */ = {isa = PBXFileReference; fileEncoding = 4; lastKnownFileType = sourcecode.c.h; path = LewPopupViewAnimationDrop.h; sourceTree = "<group>"; };
		A6568B961C059D4500D78DD1 /* LewPopupViewAnimationDrop.m */ = {isa = PBXFileReference; fileEncoding = 4; lastKnownFileType = sourcecode.c.objc; path = LewPopupViewAnimationDrop.m; sourceTree = "<group>"; };
		A6568B971C059D4500D78DD1 /* LewPopupViewAnimationFade.h */ = {isa = PBXFileReference; fileEncoding = 4; lastKnownFileType = sourcecode.c.h; path = LewPopupViewAnimationFade.h; sourceTree = "<group>"; };
		A6568B981C059D4500D78DD1 /* LewPopupViewAnimationFade.m */ = {isa = PBXFileReference; fileEncoding = 4; lastKnownFileType = sourcecode.c.objc; path = LewPopupViewAnimationFade.m; sourceTree = "<group>"; };
		A6568B991C059D4500D78DD1 /* LewPopupViewAnimationSlide.h */ = {isa = PBXFileReference; fileEncoding = 4; lastKnownFileType = sourcecode.c.h; path = LewPopupViewAnimationSlide.h; sourceTree = "<group>"; };
		A6568B9A1C059D4500D78DD1 /* LewPopupViewAnimationSlide.m */ = {isa = PBXFileReference; fileEncoding = 4; lastKnownFileType = sourcecode.c.objc; path = LewPopupViewAnimationSlide.m; sourceTree = "<group>"; };
		A6568B9B1C059D4500D78DD1 /* LewPopupViewAnimationSpring.h */ = {isa = PBXFileReference; fileEncoding = 4; lastKnownFileType = sourcecode.c.h; path = LewPopupViewAnimationSpring.h; sourceTree = "<group>"; };
		A6568B9C1C059D4500D78DD1 /* LewPopupViewAnimationSpring.m */ = {isa = PBXFileReference; fileEncoding = 4; lastKnownFileType = sourcecode.c.objc; path = LewPopupViewAnimationSpring.m; sourceTree = "<group>"; };
		A6568B9D1C059D4500D78DD1 /* UIViewController+LewPopupViewController.h */ = {isa = PBXFileReference; fileEncoding = 4; lastKnownFileType = sourcecode.c.h; path = "UIViewController+LewPopupViewController.h"; sourceTree = "<group>"; };
		A6568B9E1C059D4500D78DD1 /* UIViewController+LewPopupViewController.m */ = {isa = PBXFileReference; fileEncoding = 4; lastKnownFileType = sourcecode.c.objc; path = "UIViewController+LewPopupViewController.m"; sourceTree = "<group>"; };
		A659A7981C4F265300E0F9BE /* nstdcomm.h */ = {isa = PBXFileReference; fileEncoding = 4; lastKnownFileType = sourcecode.c.h; path = nstdcomm.h; sourceTree = "<group>"; };
		A659A7991C4F265300E0F9BE /* libnstdcomm.a */ = {isa = PBXFileReference; lastKnownFileType = archive.ar; path = libnstdcomm.a; sourceTree = "<group>"; };
		A659A79A1C4F265300E0F9BE /* nstdcommTests.xctest */ = {isa = PBXFileReference; lastKnownFileType = wrapper; path = nstdcommTests.xctest; sourceTree = "<group>"; };
		A67C04391BFDA75B00D7BB71 /* libstdc++.tbd */ = {isa = PBXFileReference; lastKnownFileType = "sourcecode.text-based-dylib-definition"; name = "libstdc++.tbd"; path = "usr/lib/libstdc++.tbd"; sourceTree = SDKROOT; };
/* End PBXFileReference section */

/* Begin PBXFrameworksBuildPhase section */
		36F6A8201B62FC5F0024E783 /* Frameworks */ = {
			isa = PBXFrameworksBuildPhase;
			buildActionMask = 2147483647;
			files = (
				3658114C1F2F66F9001BAA04 /* libstdc++.tbd in Frameworks */,
				3658114B1F2F66E9001BAA04 /* libz.tbd in Frameworks */,
				365811491F2F66E3001BAA04 /* libstdc++.6.0.9.tbd in Frameworks */,
				3658112D1F2E1A3D001BAA04 /* libc++.tbd in Frameworks */,
				A659A79B1C4F265300E0F9BE /* libnstdcomm.a in Frameworks */,
				366107E31C8D131C0082984A /* libACE.a in Frameworks */,
				36BB35561BA5745A00B2167A /* SVProgressHUD.bundle in Frameworks */,
				36BB35501B951EF200B2167A /* CFNetwork.framework in Frameworks */,
			);
			runOnlyForDeploymentPostprocessing = 0;
		};
		36F6A83C1B62FC5F0024E783 /* Frameworks */ = {
			isa = PBXFrameworksBuildPhase;
			buildActionMask = 2147483647;
			files = (
			);
			runOnlyForDeploymentPostprocessing = 0;
		};
/* End PBXFrameworksBuildPhase section */

/* Begin PBXGroup section */
		3658112B1F2E1A3D001BAA04 /* Frameworks */ = {
			isa = PBXGroup;
			children = (
				3658114A1F2F66E9001BAA04 /* libz.tbd */,
				365811481F2F66E3001BAA04 /* libstdc++.6.0.9.tbd */,
				3658112C1F2E1A3D001BAA04 /* libc++.tbd */,
			);
			name = Frameworks;
			sourceTree = "<group>";
		};
		36BB35081B886CB300B2167A /* Framework */ = {
			isa = PBXGroup;
			children = (
				A67C04391BFDA75B00D7BB71 /* libstdc++.tbd */,
				36BB35691BA631C100B2167A /* AFURLSessionManager.m */,
				36BB35671BA631B100B2167A /* AFURLResponseSerialization.m */,
				36BB35651BA631A700B2167A /* AFURLRequestSerialization.m */,
				36BB35631BA6319C00B2167A /* AFURLConnectionOperation.m */,
				36BB35611BA6319000B2167A /* AFSecurityPolicy.m */,
				36BB355F1BA6318300B2167A /* AFNetworkReachabilityManager.m */,
				36BB355D1BA6316E00B2167A /* AFHTTPSessionManager.m */,
				36BB355B1BA6315F00B2167A /* AFHTTPRequestOperation.m */,
				36BB35591BA6313700B2167A /* AFHTTPRequestOperationManager.m */,
				36BB35571BA62FF300B2167A /* SVProgressHUD.m */,
				36BB35551BA5745A00B2167A /* SVProgressHUD.bundle */,
				36BB35531BA5725D00B2167A /* SVProgressHUD */,
				36BB354F1B951EF200B2167A /* CFNetwork.framework */,
				36BB354D1B951D4100B2167A /* AFNetworking */,
			);
			name = Framework;
			sourceTree = "<group>";
		};
		36BB35401B9314F700B2167A /* DB */ = {
			isa = PBXGroup;
			children = (
				36FBCF001C5A08AC00F8561A /* UserInfoModel.h */,
				36FBCF011C5A08AC00F8561A /* UserInfoModel.m */,
				36FBCEFD1C5A08AB00F8561A /* HospitalModel.h */,
				36FBCEFE1C5A08AB00F8561A /* HospitalModel.m */,
				36FBCEFA1C5A08AB00F8561A /* PersonSettingModel.h */,
				36FBCEFB1C5A08AB00F8561A /* PersonSettingModel.m */,
				36FBCEF71C5A08AB00F8561A /* PatientInfoModel.h */,
				36FBCEF81C5A08AB00F8561A /* PatientInfoModel.m */,
			);
			name = DB;
			sourceTree = "<group>";
		};
		36F6A81A1B62FC5F0024E783 = {
			isa = PBXGroup;
			children = (
				36F6A8251B62FC5F0024E783 /* XBYL */,
				36F6A8421B62FC5F0024E783 /* XBYLTests */,
				36F6A8241B62FC5F0024E783 /* Products */,
				3658112B1F2E1A3D001BAA04 /* Frameworks */,
			);
			sourceTree = "<group>";
		};
		36F6A8241B62FC5F0024E783 /* Products */ = {
			isa = PBXGroup;
			children = (
				36F6A8231B62FC5F0024E783 /* XBYL.app */,
				36F6A83F1B62FC5F0024E783 /* XBYLTests.xctest */,
			);
			name = Products;
			sourceTree = "<group>";
		};
		36F6A8251B62FC5F0024E783 /* XBYL */ = {
			isa = PBXGroup;
			children = (
				A6568B911C059D1400D78DD1 /* OtherClass */,
				36BB35081B886CB300B2167A /* Framework */,
				36F6A8771B75F4020024E783 /* Model */,
				36F6A8561B62FE430024E783 /* Controller */,
				36F6A8551B62FE370024E783 /* View */,
				36F6A82A1B62FC5F0024E783 /* AppDelegate.h */,
				36F6A82B1B62FC5F0024E783 /* AppDelegate.m */,
				36F6A8331B62FC5F0024E783 /* Main.storyboard */,
				36F6A8361B62FC5F0024E783 /* Images.xcassets */,
				36F6A8381B62FC5F0024E783 /* LaunchScreen.xib */,
				36F6A82D1B62FC5F0024E783 /* XBYL.xcdatamodeld */,
				36F6A8261B62FC5F0024E783 /* Supporting Files */,
			);
			path = XBYL;
			sourceTree = "<group>";
		};
		36F6A8261B62FC5F0024E783 /* Supporting Files */ = {
			isa = PBXGroup;
			children = (
				36F6A8271B62FC5F0024E783 /* Info.plist */,
				36F6A8281B62FC5F0024E783 /* main.m */,
				36BB35131B88789E00B2167A /* xybl_Header.pch */,
			);
			name = "Supporting Files";
			sourceTree = "<group>";
		};
		36F6A8421B62FC5F0024E783 /* XBYLTests */ = {
			isa = PBXGroup;
			children = (
				36F6A8451B62FC5F0024E783 /* XBYLTests.m */,
				36F6A8431B62FC5F0024E783 /* Supporting Files */,
			);
			path = XBYLTests;
			sourceTree = "<group>";
		};
		36F6A8431B62FC5F0024E783 /* Supporting Files */ = {
			isa = PBXGroup;
			children = (
				36F6A8441B62FC5F0024E783 /* Info.plist */,
			);
			name = "Supporting Files";
			sourceTree = "<group>";
		};
		36F6A8551B62FE370024E783 /* View */ = {
			isa = PBXGroup;
			children = (
				3658113D1F2F600D001BAA04 /* HeartLiveView.h */,
				3658113E1F2F600D001BAA04 /* HeartLiveView.m */,
				3658113F1F2F600D001BAA04 /* SurFaceView.h */,
				365811401F2F600D001BAA04 /* SurFaceView.m */,
				365811411F2F600D001BAA04 /* SurFaceView.xib */,
				36F6A8741B75F3320024E783 /* HeadView.h */,
				36F6A8751B75F3320024E783 /* HeadView.m */,
				36F6A8571B62FE840024E783 /* MainTableViewCell.h */,
				36F6A8581B62FE840024E783 /* MainTableViewCell.m */,
				36F6A8591B62FE840024E783 /* MainTableViewCell.xib */,
				36F6A8681B6EE5540024E783 /* SettingViewTableViewCell.h */,
				36F6A8691B6EE5540024E783 /* SettingViewTableViewCell.m */,
				36F6A86A1B6EE5540024E783 /* SettingViewTableViewCell.xib */,
				36F6A86F1B75D9840024E783 /* RefashView.h */,
				36F6A8701B75D9840024E783 /* RefashView.m */,
				36F6A8721B75D99C0024E783 /* RefashView.xib */,
				A6568B8C1C059B3000D78DD1 /* AlarmPickView.h */,
				A6568B8D1C059B3000D78DD1 /* AlarmPickView.m */,
				A6568B8F1C059B4000D78DD1 /* AlarmPickView.xib */,
				366714AF1C571E63000CCF9C /* AlarmSettingView.h */,
				366714B01C571E63000CCF9C /* AlarmSettingView.m */,
			);
			name = View;
			sourceTree = "<group>";
		};
		36F6A8561B62FE430024E783 /* Controller */ = {
			isa = PBXGroup;
			children = (
				365811451F2F61B6001BAA04 /* BaseViewController.h */,
				365811461F2F61B6001BAA04 /* BaseViewController.m */,
				365811321F2F5FC5001BAA04 /* HeartRateCurveViewController.h */,
				365811331F2F5FC5001BAA04 /* HeartRateCurveViewController.m */,
				365811341F2F5FC5001BAA04 /* HeartRateCurveViewController.xib */,
				36F6A8301B62FC5F0024E783 /* ViewController.h */,
				36F6A8311B62FC5F0024E783 /* ViewController.m */,
				36F6A84F1B62FD5E0024E783 /* LoginViewController.h */,
				36F6A8501B62FD5E0024E783 /* LoginViewController.m */,
				36F6A8521B62FE160024E783 /* SettingViewController.h */,
				36F6A8531B62FE160024E783 /* SettingViewController.m */,
				36F6A85C1B6368710024E783 /* SystemSettingViewController.h */,
				36F6A85D1B6368710024E783 /* SystemSettingViewController.m */,
				36F6A8621B6A54F40024E783 /* PersonSettingViewController.h */,
				36F6A8631B6A54F40024E783 /* PersonSettingViewController.m */,
				A62F97D41C4E363F001A8C1E /* AppMessgeDelegate.h */,
			);
			name = Controller;
			sourceTree = "<group>";
		};
		36F6A8771B75F4020024E783 /* Model */ = {
			isa = PBXGroup;
			children = (
				365811371F2F5FE6001BAA04 /* BODataModel.h */,
				365811381F2F5FE6001BAA04 /* BODataModel.m */,
				365811391F2F5FE6001BAA04 /* PointContainer.h */,
				3658113A1F2F5FE6001BAA04 /* PointContainer.m */,
				36BB35401B9314F700B2167A /* DB */,
				36BB35201B887FA200B2167A /* SystemSettingModel.h */,
				36BB35211B887FA200B2167A /* SystemSettingModel.m */,
				36BB35291B89779200B2167A /* LoginUserInfo.h */,
				36BB352A1B89779200B2167A /* LoginUserInfo.m */,
				36BB352C1B89B65300B2167A /* PatientInfo.h */,
				36BB352D1B89B65300B2167A /* PatientInfo.m */,
				36BB352F1B89FCF900B2167A /* MulDataModel.h */,
				36BB35301B89FCF900B2167A /* MulDataModel.m */,
				36BB35321B89FD2F00B2167A /* XueyaModel.h */,
				36BB35331B89FD2F00B2167A /* XueyaModel.m */,
				36BB35351B8A12FB00B2167A /* PatientStatus.h */,
				36BB35361B8A12FB00B2167A /* PatientStatus.m */,
				36BB353A1B8DE9A300B2167A /* HospitalInfo.h */,
				36BB353B1B8DE9A300B2167A /* HospitalInfo.m */,
				36BB353D1B8F49A900B2167A /* PersonSettingInfo.h */,
				36BB353E1B8F49A900B2167A /* PersonSettingInfo.m */,
			);
			name = Model;
			sourceTree = "<group>";
		};
		A6568B911C059D1400D78DD1 /* OtherClass */ = {
			isa = PBXGroup;
			children = (
				A659A7951C4F265300E0F9BE /* Release-iphonesimulator */,
				A6568B921C059D4500D78DD1 /* popupViewController */,
				360B02521C8FCAB900A29490 /* Helper.h */,
			);
			name = OtherClass;
			sourceTree = "<group>";
		};
		A6568B921C059D4500D78DD1 /* popupViewController */ = {
			isa = PBXGroup;
			children = (
				A6568B931C059D4500D78DD1 /* LewPopupBackgroundView.h */,
				A6568B941C059D4500D78DD1 /* LewPopupBackgroundView.m */,
				A6568B951C059D4500D78DD1 /* LewPopupViewAnimationDrop.h */,
				A6568B961C059D4500D78DD1 /* LewPopupViewAnimationDrop.m */,
				A6568B971C059D4500D78DD1 /* LewPopupViewAnimationFade.h */,
				A6568B981C059D4500D78DD1 /* LewPopupViewAnimationFade.m */,
				A6568B991C059D4500D78DD1 /* LewPopupViewAnimationSlide.h */,
				A6568B9A1C059D4500D78DD1 /* LewPopupViewAnimationSlide.m */,
				A6568B9B1C059D4500D78DD1 /* LewPopupViewAnimationSpring.h */,
				A6568B9C1C059D4500D78DD1 /* LewPopupViewAnimationSpring.m */,
				A6568B9D1C059D4500D78DD1 /* UIViewController+LewPopupViewController.h */,
				A6568B9E1C059D4500D78DD1 /* UIViewController+LewPopupViewController.m */,
			);
			path = popupViewController;
			sourceTree = "<group>";
		};
		A659A7951C4F265300E0F9BE /* Release-iphonesimulator */ = {
			isa = PBXGroup;
			children = (
				366107E21C8D131C0082984A /* libACE.a */,
				A659A7961C4F265300E0F9BE /* include */,
				A659A7991C4F265300E0F9BE /* libnstdcomm.a */,
				A659A79A1C4F265300E0F9BE /* nstdcommTests.xctest */,
			);
			path = "Release-iphonesimulator";
			sourceTree = "<group>";
		};
		A659A7961C4F265300E0F9BE /* include */ = {
			isa = PBXGroup;
			children = (
				A659A7971C4F265300E0F9BE /* nstdcomm */,
			);
			path = include;
			sourceTree = "<group>";
		};
		A659A7971C4F265300E0F9BE /* nstdcomm */ = {
			isa = PBXGroup;
			children = (
				A659A7981C4F265300E0F9BE /* nstdcomm.h */,
			);
			path = nstdcomm;
			sourceTree = "<group>";
		};
/* End PBXGroup section */

/* Begin PBXNativeTarget section */
		36F6A8221B62FC5F0024E783 /* XBYL */ = {
			isa = PBXNativeTarget;
			buildConfigurationList = 36F6A8491B62FC5F0024E783 /* Build configuration list for PBXNativeTarget "XBYL" */;
			buildPhases = (
				36F6A81F1B62FC5F0024E783 /* Sources */,
				36F6A8201B62FC5F0024E783 /* Frameworks */,
				36F6A8211B62FC5F0024E783 /* Resources */,
				A67C04451BFDD14F00D7BB71 /* Embed Frameworks */,
			);
			buildRules = (
			);
			dependencies = (
			);
			name = XBYL;
			productName = XBYL;
			productReference = 36F6A8231B62FC5F0024E783 /* XBYL.app */;
			productType = "com.apple.product-type.application";
		};
		36F6A83E1B62FC5F0024E783 /* XBYLTests */ = {
			isa = PBXNativeTarget;
			buildConfigurationList = 36F6A84C1B62FC5F0024E783 /* Build configuration list for PBXNativeTarget "XBYLTests" */;
			buildPhases = (
				36F6A83B1B62FC5F0024E783 /* Sources */,
				36F6A83C1B62FC5F0024E783 /* Frameworks */,
				36F6A83D1B62FC5F0024E783 /* Resources */,
			);
			buildRules = (
			);
			dependencies = (
				36F6A8411B62FC5F0024E783 /* PBXTargetDependency */,
			);
			name = XBYLTests;
			productName = XBYLTests;
			productReference = 36F6A83F1B62FC5F0024E783 /* XBYLTests.xctest */;
			productType = "com.apple.product-type.bundle.unit-test";
		};
/* End PBXNativeTarget section */

/* Begin PBXProject section */
		36F6A81B1B62FC5F0024E783 /* Project object */ = {
			isa = PBXProject;
			attributes = {
				LastUpgradeCheck = 0630;
				ORGANIZATIONNAME = "罗娇";
				TargetAttributes = {
					36F6A8221B62FC5F0024E783 = {
						CreatedOnToolsVersion = 6.3.1;
						DevelopmentTeam = 5E6HDDLVG9;
						ProvisioningStyle = Automatic;
					};
					36F6A83E1B62FC5F0024E783 = {
						CreatedOnToolsVersion = 6.3.1;
						DevelopmentTeam = 5E6HDDLVG9;
						ProvisioningStyle = Automatic;
						TestTargetID = 36F6A8221B62FC5F0024E783;
					};
				};
			};
			buildConfigurationList = 36F6A81E1B62FC5F0024E783 /* Build configuration list for PBXProject "XBYL" */;
			compatibilityVersion = "Xcode 3.2";
			developmentRegion = English;
			hasScannedForEncodings = 0;
			knownRegions = (
				en,
				Base,
			);
			mainGroup = 36F6A81A1B62FC5F0024E783;
			productRefGroup = 36F6A8241B62FC5F0024E783 /* Products */;
			projectDirPath = "";
			projectRoot = "";
			targets = (
				36F6A8221B62FC5F0024E783 /* XBYL */,
				36F6A83E1B62FC5F0024E783 /* XBYLTests */,
			);
		};
/* End PBXProject section */

/* Begin PBXResourcesBuildPhase section */
		36F6A8211B62FC5F0024E783 /* Resources */ = {
			isa = PBXResourcesBuildPhase;
			buildActionMask = 2147483647;
			files = (
				365811361F2F5FC5001BAA04 /* HeartRateCurveViewController.xib in Resources */,
				36F6A8351B62FC5F0024E783 /* Main.storyboard in Resources */,
				A659A79C1C4F265300E0F9BE /* nstdcommTests.xctest in Resources */,
				36BB35541BA5725E00B2167A /* SVProgressHUD in Resources */,
				36F6A83A1B62FC5F0024E783 /* LaunchScreen.xib in Resources */,
				36BB354E1B951D4100B2167A /* AFNetworking in Resources */,
				36F6A8731B75D99C0024E783 /* RefashView.xib in Resources */,
				36F6A85B1B62FE840024E783 /* MainTableViewCell.xib in Resources */,
				365811441F2F600D001BAA04 /* SurFaceView.xib in Resources */,
				A6568B901C059B4000D78DD1 /* AlarmPickView.xib in Resources */,
				36F6A8371B62FC5F0024E783 /* Images.xcassets in Resources */,
				36F6A86C1B6EE5540024E783 /* SettingViewTableViewCell.xib in Resources */,
			);
			runOnlyForDeploymentPostprocessing = 0;
		};
		36F6A83D1B62FC5F0024E783 /* Resources */ = {
			isa = PBXResourcesBuildPhase;
			buildActionMask = 2147483647;
			files = (
			);
			runOnlyForDeploymentPostprocessing = 0;
		};
/* End PBXResourcesBuildPhase section */

/* Begin PBXSourcesBuildPhase section */
		36F6A81F1B62FC5F0024E783 /* Sources */ = {
			isa = PBXSourcesBuildPhase;
			buildActionMask = 2147483647;
			files = (
				36BB35581BA62FF300B2167A /* SVProgressHUD.m in Sources */,
				A6568BA21C059D4500D78DD1 /* LewPopupViewAnimationSlide.m in Sources */,
				A6568BA41C059D4500D78DD1 /* UIViewController+LewPopupViewController.m in Sources */,
				36F6A82F1B62FC5F0024E783 /* XBYL.xcdatamodeld in Sources */,
				36F6A82C1B62FC5F0024E783 /* AppDelegate.m in Sources */,
				36BB35221B887FA200B2167A /* SystemSettingModel.m in Sources */,
				36F6A8761B75F3320024E783 /* HeadView.m in Sources */,
				36FBCEFC1C5A08AB00F8561A /* PersonSettingModel.m in Sources */,
				36BB353F1B8F49A900B2167A /* PersonSettingInfo.m in Sources */,
				36BB352E1B89B65300B2167A /* PatientInfo.m in Sources */,
				36FBCF021C5A08AC00F8561A /* UserInfoModel.m in Sources */,
				A6568BA11C059D4500D78DD1 /* LewPopupViewAnimationFade.m in Sources */,
				365811431F2F600D001BAA04 /* SurFaceView.m in Sources */,
				36F6A85E1B6368710024E783 /* SystemSettingViewController.m in Sources */,
				365811421F2F600D001BAA04 /* HeartLiveView.m in Sources */,
				36F6A8711B75D9840024E783 /* RefashView.m in Sources */,
				36BB35341B89FD2F00B2167A /* XueyaModel.m in Sources */,
				36FBCEFF1C5A08AB00F8561A /* HospitalModel.m in Sources */,
				36F6A85A1B62FE840024E783 /* MainTableViewCell.m in Sources */,
				36F6A8321B62FC5F0024E783 /* ViewController.m in Sources */,
				A6568BA01C059D4500D78DD1 /* LewPopupViewAnimationDrop.m in Sources */,
				36BB355A1BA6313700B2167A /* AFHTTPRequestOperationManager.m in Sources */,
				36F6A8641B6A54F40024E783 /* PersonSettingViewController.m in Sources */,
				36BB35371B8A12FB00B2167A /* PatientStatus.m in Sources */,
				36BB353C1B8DE9A300B2167A /* HospitalInfo.m in Sources */,
				365811471F2F61B6001BAA04 /* BaseViewController.m in Sources */,
				36F6A8291B62FC5F0024E783 /* main.m in Sources */,
				A6568B8E1C059B3000D78DD1 /* AlarmPickView.m in Sources */,
				365811351F2F5FC5001BAA04 /* HeartRateCurveViewController.m in Sources */,
				36F6A86B1B6EE5540024E783 /* SettingViewTableViewCell.m in Sources */,
				36FBCEF91C5A08AB00F8561A /* PatientInfoModel.m in Sources */,
				36BB352B1B89779200B2167A /* LoginUserInfo.m in Sources */,
				36F6A8511B62FD5E0024E783 /* LoginViewController.m in Sources */,
				36F6A8541B62FE160024E783 /* SettingViewController.m in Sources */,
				A6568B9F1C059D4500D78DD1 /* LewPopupBackgroundView.m in Sources */,
				36BB355E1BA6316E00B2167A /* AFHTTPSessionManager.m in Sources */,
				366714B11C571E63000CCF9C /* AlarmSettingView.m in Sources */,
				36BB355C1BA6315F00B2167A /* AFHTTPRequestOperation.m in Sources */,
				36BB35311B89FCF900B2167A /* MulDataModel.m in Sources */,
				3658113B1F2F5FE6001BAA04 /* BODataModel.m in Sources */,
				36BB35601BA6318300B2167A /* AFNetworkReachabilityManager.m in Sources */,
				A6568BA31C059D4500D78DD1 /* LewPopupViewAnimationSpring.m in Sources */,
				36BB35621BA6319000B2167A /* AFSecurityPolicy.m in Sources */,
				3658113C1F2F5FE6001BAA04 /* PointContainer.m in Sources */,
				36BB35641BA6319C00B2167A /* AFURLConnectionOperation.m in Sources */,
				36BB35681BA631B100B2167A /* AFURLResponseSerialization.m in Sources */,
				36BB356A1BA631C100B2167A /* AFURLSessionManager.m in Sources */,
				36BB35661BA631A700B2167A /* AFURLRequestSerialization.m in Sources */,
			);
			runOnlyForDeploymentPostprocessing = 0;
		};
		36F6A83B1B62FC5F0024E783 /* Sources */ = {
			isa = PBXSourcesBuildPhase;
			buildActionMask = 2147483647;
			files = (
				36F6A8461B62FC5F0024E783 /* XBYLTests.m in Sources */,
			);
			runOnlyForDeploymentPostprocessing = 0;
		};
/* End PBXSourcesBuildPhase section */

/* Begin PBXTargetDependency section */
		36F6A8411B62FC5F0024E783 /* PBXTargetDependency */ = {
			isa = PBXTargetDependency;
			target = 36F6A8221B62FC5F0024E783 /* XBYL */;
			targetProxy = 36F6A8401B62FC5F0024E783 /* PBXContainerItemProxy */;
		};
/* End PBXTargetDependency section */

/* Begin PBXVariantGroup section */
		36F6A8331B62FC5F0024E783 /* Main.storyboard */ = {
			isa = PBXVariantGroup;
			children = (
				36F6A8341B62FC5F0024E783 /* Base */,
			);
			name = Main.storyboard;
			sourceTree = "<group>";
		};
		36F6A8381B62FC5F0024E783 /* LaunchScreen.xib */ = {
			isa = PBXVariantGroup;
			children = (
				36F6A8391B62FC5F0024E783 /* Base */,
			);
			name = LaunchScreen.xib;
			sourceTree = "<group>";
		};
/* End PBXVariantGroup section */

/* Begin XCBuildConfiguration section */
		36F6A8471B62FC5F0024E783 /* Debug */ = {
			isa = XCBuildConfiguration;
			buildSettings = {
				ALWAYS_SEARCH_USER_PATHS = NO;
				CLANG_CXX_LANGUAGE_STANDARD = "gnu++0x";
				CLANG_CXX_LIBRARY = "libc++";
				CLANG_ENABLE_MODULES = YES;
				CLANG_ENABLE_OBJC_ARC = YES;
				CLANG_WARN_BOOL_CONVERSION = YES;
				CLANG_WARN_CONSTANT_CONVERSION = YES;
				CLANG_WARN_DIRECT_OBJC_ISA_USAGE = YES_ERROR;
				CLANG_WARN_EMPTY_BODY = YES;
				CLANG_WARN_ENUM_CONVERSION = YES;
				CLANG_WARN_INT_CONVERSION = YES;
				CLANG_WARN_OBJC_ROOT_CLASS = YES_ERROR;
				CLANG_WARN_UNREACHABLE_CODE = YES;
				CLANG_WARN__DUPLICATE_METHOD_MATCH = YES;
				CODE_SIGN_IDENTITY = "iPhone Distribution: Chongqing New Standard Medical Equipment Co., Ltd. (5E6HDDLVG9)";
				"CODE_SIGN_IDENTITY[sdk=iphoneos*]" = "iPhone Distribution: Chongqing New Standard Medical Equipment Co., Ltd. (5E6HDDLVG9)";
				COPY_PHASE_STRIP = NO;
				DEBUG_INFORMATION_FORMAT = "dwarf-with-dsym";
				ENABLE_STRICT_OBJC_MSGSEND = YES;
				GCC_C_LANGUAGE_STANDARD = gnu99;
				GCC_DYNAMIC_NO_PIC = NO;
				GCC_NO_COMMON_BLOCKS = YES;
				GCC_OPTIMIZATION_LEVEL = 0;
				GCC_PREPROCESSOR_DEFINITIONS = (
					"DEBUG=1",
					"$(inherited)",
				);
				GCC_SYMBOLS_PRIVATE_EXTERN = NO;
				GCC_WARN_64_TO_32_BIT_CONVERSION = YES;
				GCC_WARN_ABOUT_RETURN_TYPE = YES_ERROR;
				GCC_WARN_UNDECLARED_SELECTOR = YES;
				GCC_WARN_UNINITIALIZED_AUTOS = YES_AGGRESSIVE;
				GCC_WARN_UNUSED_FUNCTION = YES;
				GCC_WARN_UNUSED_VARIABLE = YES;
				IPHONEOS_DEPLOYMENT_TARGET = 8.4;
				MTL_ENABLE_DEBUG_INFO = YES;
				ONLY_ACTIVE_ARCH = YES;
				PROVISIONING_PROFILE = "0738cd0f-9858-487e-a1cc-e4f52938148a";
				SDKROOT = iphoneos;
				TARGETED_DEVICE_FAMILY = "1,2";
				VALID_ARCHS = "armv7 armv7s arm64";
			};
			name = Debug;
		};
		36F6A8481B62FC5F0024E783 /* Release */ = {
			isa = XCBuildConfiguration;
			buildSettings = {
				ALWAYS_SEARCH_USER_PATHS = NO;
				CLANG_CXX_LANGUAGE_STANDARD = "gnu++0x";
				CLANG_CXX_LIBRARY = "libc++";
				CLANG_ENABLE_MODULES = YES;
				CLANG_ENABLE_OBJC_ARC = YES;
				CLANG_WARN_BOOL_CONVERSION = YES;
				CLANG_WARN_CONSTANT_CONVERSION = YES;
				CLANG_WARN_DIRECT_OBJC_ISA_USAGE = YES_ERROR;
				CLANG_WARN_EMPTY_BODY = YES;
				CLANG_WARN_ENUM_CONVERSION = YES;
				CLANG_WARN_INT_CONVERSION = YES;
				CLANG_WARN_OBJC_ROOT_CLASS = YES_ERROR;
				CLANG_WARN_UNREACHABLE_CODE = YES;
				CLANG_WARN__DUPLICATE_METHOD_MATCH = YES;
				CODE_SIGN_IDENTITY = "iPhone Distribution: Chongqing New Standard Medical Equipment Co., Ltd. (5E6HDDLVG9)";
				"CODE_SIGN_IDENTITY[sdk=iphoneos*]" = "iPhone Distribution: Chongqing New Standard Medical Equipment Co., Ltd. (5E6HDDLVG9)";
				COPY_PHASE_STRIP = NO;
				DEBUG_INFORMATION_FORMAT = "dwarf-with-dsym";
				ENABLE_NS_ASSERTIONS = NO;
				ENABLE_STRICT_OBJC_MSGSEND = YES;
				GCC_C_LANGUAGE_STANDARD = gnu99;
				GCC_NO_COMMON_BLOCKS = YES;
				GCC_WARN_64_TO_32_BIT_CONVERSION = YES;
				GCC_WARN_ABOUT_RETURN_TYPE = YES_ERROR;
				GCC_WARN_UNDECLARED_SELECTOR = YES;
				GCC_WARN_UNINITIALIZED_AUTOS = YES_AGGRESSIVE;
				GCC_WARN_UNUSED_FUNCTION = YES;
				GCC_WARN_UNUSED_VARIABLE = YES;
				IPHONEOS_DEPLOYMENT_TARGET = 8.4;
				MTL_ENABLE_DEBUG_INFO = NO;
				PROVISIONING_PROFILE = "0738cd0f-9858-487e-a1cc-e4f52938148a";
				SDKROOT = iphoneos;
				TARGETED_DEVICE_FAMILY = "1,2";
				VALIDATE_PRODUCT = YES;
				VALID_ARCHS = "armv7 armv7s arm64";
			};
			name = Release;
		};
		36F6A84A1B62FC5F0024E783 /* Debug */ = {
			isa = XCBuildConfiguration;
			buildSettings = {
				ASSETCATALOG_COMPILER_APPICON_NAME = AppIcon;
				ASSETCATALOG_COMPILER_LAUNCHIMAGE_NAME = BrandAsset;
				CLANG_CXX_LIBRARY = "libc++";
				CODE_SIGN_IDENTITY = "iPhone Distribution: Chongqing New Standard Medical Equipment Co., Ltd. (5E6HDDLVG9)";
				"CODE_SIGN_IDENTITY[sdk=iphoneos*]" = "iPhone Developer";
				DEVELOPMENT_TEAM = 5E6HDDLVG9;
				ENABLE_BITCODE = NO;
				FRAMEWORK_SEARCH_PATHS = (
					"$(inherited)",
					"$(PROJECT_DIR)",
					"$(PROJECT_DIR)/XBYL",
				);
				GCC_PREFIX_HEADER = XBYL/xybl_Header.pch;
				HEADER_SEARCH_PATHS = (
					"$(inherited)",
					/Applications/Xcode.app/Contents/Developer/Toolchains/XcodeDefault.xctoolchain/usr/include,
					"\"$(SRCROOT)/XBYL/AFNetworking\"",
				);
				INFOPLIST_FILE = XBYL/Info.plist;
				IPHONEOS_DEPLOYMENT_TARGET = 8.4;
				LD_RUNPATH_SEARCH_PATHS = "$(inherited) @executable_path/Frameworks";
				LIBRARY_SEARCH_PATHS = (
					"$(inherited)",
					"$(PROJECT_DIR)/XBYL",
					"$(PROJECT_DIR)/XBYL/Release-iphonesimulator",
					/Users/luojiao/Downloads,
				);
				OTHER_LDFLAGS = (
					"-lstdc++",
					"-licucore",
				);
				PRODUCT_BUNDLE_IDENTIFIER = com.xb.XBYL;
				PRODUCT_NAME = "$(TARGET_NAME)";
				PROVISIONING_PROFILE = "";
				PROVISIONING_PROFILE_SPECIFIER = "";
				TARGETED_DEVICE_FAMILY = "1,2";
				VALID_ARCHS = "armv7 armv7s arm64";
			};
			name = Debug;
		};
		36F6A84B1B62FC5F0024E783 /* Release */ = {
			isa = XCBuildConfiguration;
			buildSettings = {
				ASSETCATALOG_COMPILER_APPICON_NAME = AppIcon;
				ASSETCATALOG_COMPILER_LAUNCHIMAGE_NAME = BrandAsset;
				CLANG_CXX_LIBRARY = "libc++";
				CODE_SIGN_IDENTITY = "iPhone Distribution: Chongqing New Standard Medical Equipment Co., Ltd. (5E6HDDLVG9)";
				"CODE_SIGN_IDENTITY[sdk=iphoneos*]" = "iPhone Developer";
				DEVELOPMENT_TEAM = 5E6HDDLVG9;
				ENABLE_BITCODE = NO;
				FRAMEWORK_SEARCH_PATHS = (
					"$(inherited)",
					"$(PROJECT_DIR)",
					"$(PROJECT_DIR)/XBYL",
				);
				GCC_PREFIX_HEADER = XBYL/xybl_Header.pch;
				HEADER_SEARCH_PATHS = (
					"$(inherited)",
					/Applications/Xcode.app/Contents/Developer/Toolchains/XcodeDefault.xctoolchain/usr/include,
					"\"$(SRCROOT)/XBYL/AFNetworking\"",
				);
				INFOPLIST_FILE = XBYL/Info.plist;
				IPHONEOS_DEPLOYMENT_TARGET = 8.4;
				LD_RUNPATH_SEARCH_PATHS = "$(inherited) @executable_path/Frameworks";
				LIBRARY_SEARCH_PATHS = (
					"$(inherited)",
					"$(PROJECT_DIR)/XBYL",
					"$(PROJECT_DIR)/XBYL/Release-iphonesimulator",
					/Users/luojiao/Downloads,
				);
				ONLY_ACTIVE_ARCH = NO;
				OTHER_LDFLAGS = (
					"-lstdc++",
					"-licucore",
				);
				PRODUCT_BUNDLE_IDENTIFIER = com.xb.XBYL;
				PRODUCT_NAME = "$(TARGET_NAME)";
				PROVISIONING_PROFILE = "";
				PROVISIONING_PROFILE_SPECIFIER = "";
				TARGETED_DEVICE_FAMILY = "1,2";
				VALID_ARCHS = "armv7 armv7s arm64";
			};
			name = Release;
		};
		36F6A84D1B62FC5F0024E783 /* Debug */ = {
			isa = XCBuildConfiguration;
			buildSettings = {
				BUNDLE_LOADER = "$(TEST_HOST)";
				CODE_SIGN_IDENTITY = "iPhone Distribution: Chongqing New Standard Medical Equipment Co., Ltd. (5E6HDDLVG9)";
				"CODE_SIGN_IDENTITY[sdk=iphoneos*]" = "iPhone Developer";
				DEVELOPMENT_TEAM = 5E6HDDLVG9;
				FRAMEWORK_SEARCH_PATHS = (
					"$(SDKROOT)/Developer/Library/Frameworks",
					"$(inherited)",
				);
				GCC_PREPROCESSOR_DEFINITIONS = (
					"DEBUG=1",
					"$(inherited)",
				);
				INFOPLIST_FILE = XBYLTests/Info.plist;
				LD_RUNPATH_SEARCH_PATHS = "$(inherited) @executable_path/Frameworks @loader_path/Frameworks";
				ONLY_ACTIVE_ARCH = YES;
				PRODUCT_NAME = "$(TARGET_NAME)";
				PROVISIONING_PROFILE = "";
				PROVISIONING_PROFILE_SPECIFIER = "";
				TEST_HOST = "$(BUILT_PRODUCTS_DIR)/XBYL.app/XBYL";
				VALID_ARCHS = "armv7 armv7s arm64";
			};
			name = Debug;
		};
		36F6A84E1B62FC5F0024E783 /* Release */ = {
			isa = XCBuildConfiguration;
			buildSettings = {
				BUNDLE_LOADER = "$(TEST_HOST)";
				CODE_SIGN_IDENTITY = "iPhone Distribution: Chongqing New Standard Medical Equipment Co., Ltd. (5E6HDDLVG9)";
				"CODE_SIGN_IDENTITY[sdk=iphoneos*]" = "iPhone Developer";
				DEVELOPMENT_TEAM = 5E6HDDLVG9;
				FRAMEWORK_SEARCH_PATHS = (
					"$(SDKROOT)/Developer/Library/Frameworks",
					"$(inherited)",
				);
				INFOPLIST_FILE = XBYLTests/Info.plist;
				LD_RUNPATH_SEARCH_PATHS = "$(inherited) @executable_path/Frameworks @loader_path/Frameworks";
				PRODUCT_NAME = "$(TARGET_NAME)";
				PROVISIONING_PROFILE = "";
				PROVISIONING_PROFILE_SPECIFIER = "";
				TEST_HOST = "$(BUILT_PRODUCTS_DIR)/XBYL.app/XBYL";
				VALID_ARCHS = "armv7 armv7s arm64";
			};
			name = Release;
		};
/* End XCBuildConfiguration section */

/* Begin XCConfigurationList section */
		36F6A81E1B62FC5F0024E783 /* Build configuration list for PBXProject "XBYL" */ = {
			isa = XCConfigurationList;
			buildConfigurations = (
				36F6A8471B62FC5F0024E783 /* Debug */,
				36F6A8481B62FC5F0024E783 /* Release */,
			);
			defaultConfigurationIsVisible = 0;
			defaultConfigurationName = Release;
		};
		36F6A8491B62FC5F0024E783 /* Build configuration list for PBXNativeTarget "XBYL" */ = {
			isa = XCConfigurationList;
			buildConfigurations = (
				36F6A84A1B62FC5F0024E783 /* Debug */,
				36F6A84B1B62FC5F0024E783 /* Release */,
			);
			defaultConfigurationIsVisible = 0;
			defaultConfigurationName = Release;
		};
		36F6A84C1B62FC5F0024E783 /* Build configuration list for PBXNativeTarget "XBYLTests" */ = {
			isa = XCConfigurationList;
			buildConfigurations = (
				36F6A84D1B62FC5F0024E783 /* Debug */,
				36F6A84E1B62FC5F0024E783 /* Release */,
			);
			defaultConfigurationIsVisible = 0;
			defaultConfigurationName = Release;
		};
/* End XCConfigurationList section */

/* Begin XCVersionGroup section */
		36F6A82D1B62FC5F0024E783 /* XBYL.xcdatamodeld */ = {
			isa = XCVersionGroup;
			children = (
				36F6A82E1B62FC5F0024E783 /* XBYL.xcdatamodel */,
			);
			currentVersion = 36F6A82E1B62FC5F0024E783 /* XBYL.xcdatamodel */;
			path = XBYL.xcdatamodeld;
			sourceTree = "<group>";
			versionGroupType = wrapper.xcdatamodel;
		};
/* End XCVersionGroup section */
	};
	rootObject = 36F6A81B1B62FC5F0024E783 /* Project object */;
}
